
Microsoft Visual Studio Solution File, Format Version 12.00
# Visual Studio Version 17
VisualStudioVersion = 17.3.32811.315
MinimumVisualStudioVersion = 10.0.40219.1
Project("{2150E333-8FDC-42A3-9474-1A3956D46DE8}") = "Shared", "Shared", "{A1C956FD-1B4F-406E-AA9E-2E4D09A41931}"
EndProject
Project("{9A19103F-16F7-4668-BE54-9A1E7A4F7556}") = "SOHome.Common", "src\Shared\SOHome.Common\SOHome.Common.csproj", "{B6710357-766A-4CA7-BB83-008613FF9FE5}"
EndProject
Project("{9A19103F-16F7-4668-BE54-9A1E7A4F7556}") = "SOHome.Domain", "src\Shared\SOHome.Domain\SOHome.Domain.csproj", "{B83171C7-DD61-49FA-AE9E-168FE590B704}"
EndProject
Project("{2150E333-8FDC-42A3-9474-1A3956D46DE8}") = "Server", "Server", "{871F8851-2811-4A00-ACB0-7CFA7ADD2E7A}"
EndProject
Project("{9A19103F-16F7-4668-BE54-9A1E7A4F7556}") = "SOHome.API", "src\Server\SOHome.API\SOHome.API.csproj", "{4FD77402-A949-4F9B-81FC-468D5F361084}"
EndProject
Project("{2150E333-8FDC-42A3-9474-1A3956D46DE8}") = "Client", "Client", "{A0B12980-E148-4656-A85F-49B6E6CF1BDF}"
EndProject
Project("{FAE04EC0-301F-11D3-BF4B-00C04F79EFBC}") = "SOHome.Fitness", "src\Client\SOHome.Fitness\SOHome.Fitness.csproj", "{71291996-CBCC-4804-B0BF-668C3DE0AB38}"
EndProject
Global
	GlobalSection(SolutionConfigurationPlatforms) = preSolution
		Debug|Any CPU = Debug|Any CPU
		Release|Any CPU = Release|Any CPU
	EndGlobalSection
	GlobalSection(ProjectConfigurationPlatforms) = postSolution
		{B6710357-766A-4CA7-BB83-008613FF9FE5}.Debug|Any CPU.ActiveCfg = Debug|Any CPU
		{B6710357-766A-4CA7-BB83-008613FF9FE5}.Debug|Any CPU.Build.0 = Debug|Any CPU
		{B6710357-766A-4CA7-BB83-008613FF9FE5}.Release|Any CPU.ActiveCfg = Release|Any CPU
		{B6710357-766A-4CA7-BB83-008613FF9FE5}.Release|Any CPU.Build.0 = Release|Any CPU
		{B83171C7-DD61-49FA-AE9E-168FE590B704}.Debug|Any CPU.ActiveCfg = Debug|Any CPU
		{B83171C7-DD61-49FA-AE9E-168FE590B704}.Debug|Any CPU.Build.0 = Debug|Any CPU
		{B83171C7-DD61-49FA-AE9E-168FE590B704}.Release|Any CPU.ActiveCfg = Release|Any CPU
		{B83171C7-DD61-49FA-AE9E-168FE590B704}.Release|Any CPU.Build.0 = Release|Any CPU
		{4FD77402-A949-4F9B-81FC-468D5F361084}.Debug|Any CPU.ActiveCfg = Debug|Any CPU
		{4FD77402-A949-4F9B-81FC-468D5F361084}.Debug|Any CPU.Build.0 = Debug|Any CPU
		{4FD77402-A949-4F9B-81FC-468D5F361084}.Release|Any CPU.ActiveCfg = Release|Any CPU
		{4FD77402-A949-4F9B-81FC-468D5F361084}.Release|Any CPU.Build.0 = Release|Any CPU
		{71291996-CBCC-4804-B0BF-668C3DE0AB38}.Debug|Any CPU.ActiveCfg = Debug|Any CPU
		{71291996-CBCC-4804-B0BF-668C3DE0AB38}.Debug|Any CPU.Build.0 = Debug|Any CPU
		{71291996-CBCC-4804-B0BF-668C3DE0AB38}.Debug|Any CPU.Deploy.0 = Debug|Any CPU
		{71291996-CBCC-4804-B0BF-668C3DE0AB38}.Release|Any CPU.ActiveCfg = Release|Any CPU
		{71291996-CBCC-4804-B0BF-668C3DE0AB38}.Release|Any CPU.Build.0 = Release|Any CPU
		{71291996-CBCC-4804-B0BF-668C3DE0AB38}.Release|Any CPU.Deploy.0 = Release|Any CPU
	EndGlobalSection
	GlobalSection(SolutionProperties) = preSolution
		HideSolutionNode = FALSE
	EndGlobalSection
	GlobalSection(NestedProjects) = preSolution
		{B6710357-766A-4CA7-BB83-008613FF9FE5} = {A1C956FD-1B4F-406E-AA9E-2E4D09A41931}
		{B83171C7-DD61-49FA-AE9E-168FE590B704} = {A1C956FD-1B4F-406E-AA9E-2E4D09A41931}
		{4FD77402-A949-4F9B-81FC-468D5F361084} = {871F8851-2811-4A00-ACB0-7CFA7ADD2E7A}
		{71291996-CBCC-4804-B0BF-668C3DE0AB38} = {A0B12980-E148-4656-A85F-49B6E6CF1BDF}
	EndGlobalSection
	GlobalSection(ExtensibilityGlobals) = postSolution
		SolutionGuid = {E62B5C30-E707-4BAF-946D-961B99E4879D}
	EndGlobalSection
EndGlobal
